// !$*UTF8*$!
{
	archiveVersion = 1;
	classes = {
	};
	objectVersion = 46;
	objects = {

/* Begin PBXBuildFile section */
		CE2642BB1D9C1C53003E2447 /* JSONModelErrorTests.swift in Sources */ = {isa = PBXBuildFile; fileRef = CE2642BA1D9C1C53003E2447 /* JSONModelErrorTests.swift */; };
		CEA15E3F1E602EB4009A259F /* SwiftyJSONModel.h in Headers */ = {isa = PBXBuildFile; fileRef = CEE4530A1D8D801800E5968A /* SwiftyJSONModel.h */; settings = {ATTRIBUTES = (Public, ); }; };
		CEA15E401E602EB4009A259F /* JSONTypes.swift in Sources */ = {isa = PBXBuildFile; fileRef = CEE453351D8DF9F900E5968A /* JSONTypes.swift */; };
		CEA15E421E602EB4009A259F /* JSONObject.swift in Sources */ = {isa = PBXBuildFile; fileRef = CEF8147C1D9055C000003F2F /* JSONObject.swift */; };
		CEA15E471E602F6C009A259F /* SwiftyJSON.framework in Frameworks */ = {isa = PBXBuildFile; fileRef = CEA15E461E602F6C009A259F /* SwiftyJSON.framework */; };
		CEA15E561E6031F1009A259F /* SwiftyJSONModel.framework in Frameworks */ = {isa = PBXBuildFile; fileRef = CEA15E281E602E2B009A259F /* SwiftyJSONModel.framework */; };
		CEA15E5C1E60320B009A259F /* TestData.swift in Sources */ = {isa = PBXBuildFile; fileRef = CEFB60C21D931825000ADC24 /* TestData.swift */; };
		CEA15E5D1E60320B009A259F /* SwiftyJSONModelTests.swift in Sources */ = {isa = PBXBuildFile; fileRef = CEE453151D8D801800E5968A /* SwiftyJSONModelTests.swift */; };
		CEA15E5E1E60320B009A259F /* JSONObjectTests.swift in Sources */ = {isa = PBXBuildFile; fileRef = CEF8147E1D905D4F00003F2F /* JSONObjectTests.swift */; };
		CEA15E5F1E60320B009A259F /* JSONExtensionTests.swift in Sources */ = {isa = PBXBuildFile; fileRef = CEE4532B1D8DD06100E5968A /* JSONExtensionTests.swift */; };
		CEA15E601E60320B009A259F /* JSONModelErrorTests.swift in Sources */ = {isa = PBXBuildFile; fileRef = CE2642BA1D9C1C53003E2447 /* JSONModelErrorTests.swift */; };
		CEA15E611E603298009A259F /* SwiftyJSON.framework in Frameworks */ = {isa = PBXBuildFile; fileRef = CEA15E461E602F6C009A259F /* SwiftyJSON.framework */; };
		CEA15E6F1E60357B009A259F /* SwiftyJSONModel.h in Headers */ = {isa = PBXBuildFile; fileRef = CEE4530A1D8D801800E5968A /* SwiftyJSONModel.h */; settings = {ATTRIBUTES = (Public, ); }; };
		CEA15E701E60357B009A259F /* JSONTypes.swift in Sources */ = {isa = PBXBuildFile; fileRef = CEE453351D8DF9F900E5968A /* JSONTypes.swift */; };
		CEA15E721E60357B009A259F /* JSONObject.swift in Sources */ = {isa = PBXBuildFile; fileRef = CEF8147C1D9055C000003F2F /* JSONObject.swift */; };
		CEA15E771E6035D5009A259F /* SwiftyJSON.framework in Frameworks */ = {isa = PBXBuildFile; fileRef = CEA15E761E6035D5009A259F /* SwiftyJSON.framework */; };
		CEA15E811E603956009A259F /* SwiftyJSONModel.framework in Frameworks */ = {isa = PBXBuildFile; fileRef = CEA15E671E603556009A259F /* SwiftyJSONModel.framework */; };
		CEA15E871E6039F5009A259F /* SwiftyJSON.framework in Frameworks */ = {isa = PBXBuildFile; fileRef = CEA15E761E6035D5009A259F /* SwiftyJSON.framework */; };
		CEA15E881E603A21009A259F /* TestData.swift in Sources */ = {isa = PBXBuildFile; fileRef = CEFB60C21D931825000ADC24 /* TestData.swift */; };
		CEA15E891E603A21009A259F /* SwiftyJSONModelTests.swift in Sources */ = {isa = PBXBuildFile; fileRef = CEE453151D8D801800E5968A /* SwiftyJSONModelTests.swift */; };
		CEA15E8A1E603A21009A259F /* JSONObjectTests.swift in Sources */ = {isa = PBXBuildFile; fileRef = CEF8147E1D905D4F00003F2F /* JSONObjectTests.swift */; };
		CEA15E8B1E603A21009A259F /* JSONExtensionTests.swift in Sources */ = {isa = PBXBuildFile; fileRef = CEE4532B1D8DD06100E5968A /* JSONExtensionTests.swift */; };
		CEA15E8C1E603A21009A259F /* JSONModelErrorTests.swift in Sources */ = {isa = PBXBuildFile; fileRef = CE2642BA1D9C1C53003E2447 /* JSONModelErrorTests.swift */; };
		CEA15E9B1E6049CC009A259F /* SwiftyJSON.framework in Frameworks */ = {isa = PBXBuildFile; fileRef = CEA15E9A1E6049CC009A259F /* SwiftyJSON.framework */; };
		CEA15E9C1E6049EA009A259F /* SwiftyJSONModel.h in Headers */ = {isa = PBXBuildFile; fileRef = CEE4530A1D8D801800E5968A /* SwiftyJSONModel.h */; settings = {ATTRIBUTES = (Public, ); }; };
		CEA15E9D1E6049EA009A259F /* JSONTypes.swift in Sources */ = {isa = PBXBuildFile; fileRef = CEE453351D8DF9F900E5968A /* JSONTypes.swift */; };
		CEA15E9F1E6049EA009A259F /* JSONObject.swift in Sources */ = {isa = PBXBuildFile; fileRef = CEF8147C1D9055C000003F2F /* JSONObject.swift */; };
		CEE453111D8D801800E5968A /* SwiftyJSONModel.framework in Frameworks */ = {isa = PBXBuildFile; fileRef = CEE453071D8D801800E5968A /* SwiftyJSONModel.framework */; };
		CEE453161D8D801800E5968A /* SwiftyJSONModelTests.swift in Sources */ = {isa = PBXBuildFile; fileRef = CEE453151D8D801800E5968A /* SwiftyJSONModelTests.swift */; };
		CEE453181D8D801800E5968A /* SwiftyJSONModel.h in Headers */ = {isa = PBXBuildFile; fileRef = CEE4530A1D8D801800E5968A /* SwiftyJSONModel.h */; settings = {ATTRIBUTES = (Public, ); }; };
		CEE453241D8DC68A00E5968A /* SwiftyJSON.framework in Frameworks */ = {isa = PBXBuildFile; fileRef = CEE453231D8DC68A00E5968A /* SwiftyJSON.framework */; };
		CEE4532C1D8DD06100E5968A /* JSONExtensionTests.swift in Sources */ = {isa = PBXBuildFile; fileRef = CEE4532B1D8DD06100E5968A /* JSONExtensionTests.swift */; };
		CEE4532D1D8DD0E100E5968A /* SwiftyJSON.framework in Frameworks */ = {isa = PBXBuildFile; fileRef = CEE453231D8DC68A00E5968A /* SwiftyJSON.framework */; };
		CEE453301D8DD46B00E5968A /* SwiftyJSON.framework in CopyFiles */ = {isa = PBXBuildFile; fileRef = CEE453231D8DC68A00E5968A /* SwiftyJSON.framework */; settings = {ATTRIBUTES = (CodeSignOnCopy, RemoveHeadersOnCopy, ); }; };
		CEE453361D8DF9F900E5968A /* JSONTypes.swift in Sources */ = {isa = PBXBuildFile; fileRef = CEE453351D8DF9F900E5968A /* JSONTypes.swift */; };
		CEF8147D1D9055C000003F2F /* JSONObject.swift in Sources */ = {isa = PBXBuildFile; fileRef = CEF8147C1D9055C000003F2F /* JSONObject.swift */; };
		CEF8147F1D905D4F00003F2F /* JSONObjectTests.swift in Sources */ = {isa = PBXBuildFile; fileRef = CEF8147E1D905D4F00003F2F /* JSONObjectTests.swift */; };
		CEFB60C31D931825000ADC24 /* TestData.swift in Sources */ = {isa = PBXBuildFile; fileRef = CEFB60C21D931825000ADC24 /* TestData.swift */; };
/* End PBXBuildFile section */

/* Begin PBXContainerItemProxy section */
		CEA15E571E6031F1009A259F /* PBXContainerItemProxy */ = {
			isa = PBXContainerItemProxy;
			containerPortal = CEE452FE1D8D801800E5968A /* Project object */;
			proxyType = 1;
			remoteGlobalIDString = CEA15E271E602E2B009A259F;
			remoteInfo = "SwiftyJSONModel-Mac";
		};
		CEA15E821E603956009A259F /* PBXContainerItemProxy */ = {
			isa = PBXContainerItemProxy;
			containerPortal = CEE452FE1D8D801800E5968A /* Project object */;
			proxyType = 1;
			remoteGlobalIDString = CEA15E661E603556009A259F;
			remoteInfo = "SwiftyJSONModel-tvOS";
		};
		CEE453121D8D801800E5968A /* PBXContainerItemProxy */ = {
			isa = PBXContainerItemProxy;
			containerPortal = CEE452FE1D8D801800E5968A /* Project object */;
			proxyType = 1;
			remoteGlobalIDString = CEE453061D8D801800E5968A;
			remoteInfo = SwiftyJSONModel;
		};
/* End PBXContainerItemProxy section */

/* Begin PBXCopyFilesBuildPhase section */
		CEE453251D8DC6EF00E5968A /* CopyFiles */ = {
			isa = PBXCopyFilesBuildPhase;
			buildActionMask = 2147483647;
			dstPath = "";
			dstSubfolderSpec = 10;
			files = (
			);
			runOnlyForDeploymentPostprocessing = 0;
		};
		CEE4532F1D8DD46700E5968A /* CopyFiles */ = {
			isa = PBXCopyFilesBuildPhase;
			buildActionMask = 2147483647;
			dstPath = "";
			dstSubfolderSpec = 10;
			files = (
				CEE453301D8DD46B00E5968A /* SwiftyJSON.framework in CopyFiles */,
			);
			runOnlyForDeploymentPostprocessing = 0;
		};
/* End PBXCopyFilesBuildPhase section */

/* Begin PBXFileReference section */
		CE2642BA1D9C1C53003E2447 /* JSONModelErrorTests.swift */ = {isa = PBXFileReference; fileEncoding = 4; lastKnownFileType = sourcecode.swift; path = JSONModelErrorTests.swift; sourceTree = "<group>"; };
		CEA15E281E602E2B009A259F /* SwiftyJSONModel.framework */ = {isa = PBXFileReference; explicitFileType = wrapper.framework; includeInIndex = 0; path = SwiftyJSONModel.framework; sourceTree = BUILT_PRODUCTS_DIR; };
		CEA15E461E602F6C009A259F /* SwiftyJSON.framework */ = {isa = PBXFileReference; lastKnownFileType = wrapper.framework; name = SwiftyJSON.framework; path = Carthage/Build/Mac/SwiftyJSON.framework; sourceTree = "<group>"; };
		CEA15E511E6031F1009A259F /* SwiftyJSONModelTests-Mac.xctest */ = {isa = PBXFileReference; explicitFileType = wrapper.cfbundle; includeInIndex = 0; path = "SwiftyJSONModelTests-Mac.xctest"; sourceTree = BUILT_PRODUCTS_DIR; };
		CEA15E671E603556009A259F /* SwiftyJSONModel.framework */ = {isa = PBXFileReference; explicitFileType = wrapper.framework; includeInIndex = 0; path = SwiftyJSONModel.framework; sourceTree = BUILT_PRODUCTS_DIR; };
		CEA15E761E6035D5009A259F /* SwiftyJSON.framework */ = {isa = PBXFileReference; lastKnownFileType = wrapper.framework; name = SwiftyJSON.framework; path = Carthage/Build/tvOS/SwiftyJSON.framework; sourceTree = "<group>"; };
		CEA15E7C1E603956009A259F /* SwiftyJSONModelTests-tvOS.xctest */ = {isa = PBXFileReference; explicitFileType = wrapper.cfbundle; includeInIndex = 0; path = "SwiftyJSONModelTests-tvOS.xctest"; sourceTree = BUILT_PRODUCTS_DIR; };
		CEA15E921E604943009A259F /* SwiftyJSONModel.framework */ = {isa = PBXFileReference; explicitFileType = wrapper.framework; includeInIndex = 0; path = SwiftyJSONModel.framework; sourceTree = BUILT_PRODUCTS_DIR; };
		CEA15E9A1E6049CC009A259F /* SwiftyJSON.framework */ = {isa = PBXFileReference; lastKnownFileType = wrapper.framework; name = SwiftyJSON.framework; path = Carthage/Build/watchOS/SwiftyJSON.framework; sourceTree = "<group>"; };
		CEE453071D8D801800E5968A /* SwiftyJSONModel.framework */ = {isa = PBXFileReference; explicitFileType = wrapper.framework; includeInIndex = 0; path = SwiftyJSONModel.framework; sourceTree = BUILT_PRODUCTS_DIR; };
		CEE4530A1D8D801800E5968A /* SwiftyJSONModel.h */ = {isa = PBXFileReference; lastKnownFileType = sourcecode.c.h; path = SwiftyJSONModel.h; sourceTree = "<group>"; };
		CEE4530B1D8D801800E5968A /* Info.plist */ = {isa = PBXFileReference; lastKnownFileType = text.plist.xml; path = Info.plist; sourceTree = "<group>"; };
		CEE453101D8D801800E5968A /* SwiftyJSONModelTests.xctest */ = {isa = PBXFileReference; explicitFileType = wrapper.cfbundle; includeInIndex = 0; path = SwiftyJSONModelTests.xctest; sourceTree = BUILT_PRODUCTS_DIR; };
		CEE453151D8D801800E5968A /* SwiftyJSONModelTests.swift */ = {isa = PBXFileReference; lastKnownFileType = sourcecode.swift; path = SwiftyJSONModelTests.swift; sourceTree = "<group>"; };
		CEE453171D8D801800E5968A /* Info.plist */ = {isa = PBXFileReference; lastKnownFileType = text.plist.xml; path = Info.plist; sourceTree = "<group>"; };
		CEE453231D8DC68A00E5968A /* SwiftyJSON.framework */ = {isa = PBXFileReference; lastKnownFileType = wrapper.framework; name = SwiftyJSON.framework; path = Carthage/Build/iOS/SwiftyJSON.framework; sourceTree = "<group>"; };
		CEE4532B1D8DD06100E5968A /* JSONExtensionTests.swift */ = {isa = PBXFileReference; fileEncoding = 4; lastKnownFileType = sourcecode.swift; path = JSONExtensionTests.swift; sourceTree = "<group>"; };
		CEE453351D8DF9F900E5968A /* JSONTypes.swift */ = {isa = PBXFileReference; fileEncoding = 4; lastKnownFileType = sourcecode.swift; path = JSONTypes.swift; sourceTree = "<group>"; };
		CEF8147C1D9055C000003F2F /* JSONObject.swift */ = {isa = PBXFileReference; fileEncoding = 4; lastKnownFileType = sourcecode.swift; path = JSONObject.swift; sourceTree = "<group>"; };
		CEF8147E1D905D4F00003F2F /* JSONObjectTests.swift */ = {isa = PBXFileReference; fileEncoding = 4; lastKnownFileType = sourcecode.swift; path = JSONObjectTests.swift; sourceTree = "<group>"; };
		CEFB60C21D931825000ADC24 /* TestData.swift */ = {isa = PBXFileReference; fileEncoding = 4; lastKnownFileType = sourcecode.swift; path = TestData.swift; sourceTree = "<group>"; };
/* End PBXFileReference section */

/* Begin PBXFrameworksBuildPhase section */
		CEA15E241E602E2B009A259F /* Frameworks */ = {
			isa = PBXFrameworksBuildPhase;
			buildActionMask = 2147483647;
			files = (
				CEA15E471E602F6C009A259F /* SwiftyJSON.framework in Frameworks */,
			);
			runOnlyForDeploymentPostprocessing = 0;
		};
		CEA15E4E1E6031F1009A259F /* Frameworks */ = {
			isa = PBXFrameworksBuildPhase;
			buildActionMask = 2147483647;
			files = (
				CEA15E561E6031F1009A259F /* SwiftyJSONModel.framework in Frameworks */,
				CEA15E611E603298009A259F /* SwiftyJSON.framework in Frameworks */,
			);
			runOnlyForDeploymentPostprocessing = 0;
		};
		CEA15E631E603556009A259F /* Frameworks */ = {
			isa = PBXFrameworksBuildPhase;
			buildActionMask = 2147483647;
			files = (
				CEA15E771E6035D5009A259F /* SwiftyJSON.framework in Frameworks */,
			);
			runOnlyForDeploymentPostprocessing = 0;
		};
		CEA15E791E603956009A259F /* Frameworks */ = {
			isa = PBXFrameworksBuildPhase;
			buildActionMask = 2147483647;
			files = (
				CEA15E811E603956009A259F /* SwiftyJSONModel.framework in Frameworks */,
				CEA15E871E6039F5009A259F /* SwiftyJSON.framework in Frameworks */,
			);
			runOnlyForDeploymentPostprocessing = 0;
		};
		CEA15E8E1E604943009A259F /* Frameworks */ = {
			isa = PBXFrameworksBuildPhase;
			buildActionMask = 2147483647;
			files = (
				CEA15E9B1E6049CC009A259F /* SwiftyJSON.framework in Frameworks */,
			);
			runOnlyForDeploymentPostprocessing = 0;
		};
		CEE453031D8D801800E5968A /* Frameworks */ = {
			isa = PBXFrameworksBuildPhase;
			buildActionMask = 2147483647;
			files = (
				CEE453241D8DC68A00E5968A /* SwiftyJSON.framework in Frameworks */,
			);
			runOnlyForDeploymentPostprocessing = 0;
		};
		CEE4530D1D8D801800E5968A /* Frameworks */ = {
			isa = PBXFrameworksBuildPhase;
			buildActionMask = 2147483647;
			files = (
				CEE453111D8D801800E5968A /* SwiftyJSONModel.framework in Frameworks */,
				CEE4532D1D8DD0E100E5968A /* SwiftyJSON.framework in Frameworks */,
			);
			runOnlyForDeploymentPostprocessing = 0;
		};
/* End PBXFrameworksBuildPhase section */

/* Begin PBXGroup section */
		CEE452FD1D8D801800E5968A = {
			isa = PBXGroup;
			children = (
				CEE453091D8D801800E5968A /* SwiftyJSONModel */,
				CEE453141D8D801800E5968A /* SwiftyJSONModelTests */,
				CEE453081D8D801800E5968A /* Products */,
				CEE453221D8DC68A00E5968A /* Frameworks */,
			);
			sourceTree = "<group>";
		};
		CEE453081D8D801800E5968A /* Products */ = {
			isa = PBXGroup;
			children = (
				CEE453071D8D801800E5968A /* SwiftyJSONModel.framework */,
				CEE453101D8D801800E5968A /* SwiftyJSONModelTests.xctest */,
				CEA15E281E602E2B009A259F /* SwiftyJSONModel.framework */,
				CEA15E511E6031F1009A259F /* SwiftyJSONModelTests-Mac.xctest */,
				CEA15E671E603556009A259F /* SwiftyJSONModel.framework */,
				CEA15E7C1E603956009A259F /* SwiftyJSONModelTests-tvOS.xctest */,
				CEA15E921E604943009A259F /* SwiftyJSONModel.framework */,
			);
			name = Products;
			sourceTree = "<group>";
		};
		CEE453091D8D801800E5968A /* SwiftyJSONModel */ = {
			isa = PBXGroup;
			children = (
				CEE4530A1D8D801800E5968A /* SwiftyJSONModel.h */,
				CEE453351D8DF9F900E5968A /* JSONTypes.swift */,
				CEF8147C1D9055C000003F2F /* JSONObject.swift */,
				CEE4530B1D8D801800E5968A /* Info.plist */,
			);
			path = SwiftyJSONModel;
			sourceTree = "<group>";
		};
		CEE453141D8D801800E5968A /* SwiftyJSONModelTests */ = {
			isa = PBXGroup;
			children = (
				CEFB60C21D931825000ADC24 /* TestData.swift */,
				CEE453151D8D801800E5968A /* SwiftyJSONModelTests.swift */,
				CEF8147E1D905D4F00003F2F /* JSONObjectTests.swift */,
				CEE4532B1D8DD06100E5968A /* JSONExtensionTests.swift */,
				CE2642BA1D9C1C53003E2447 /* JSONModelErrorTests.swift */,
				CEE453171D8D801800E5968A /* Info.plist */,
			);
			path = SwiftyJSONModelTests;
			sourceTree = "<group>";
		};
		CEE453221D8DC68A00E5968A /* Frameworks */ = {
			isa = PBXGroup;
			children = (
				CEA15E9A1E6049CC009A259F /* SwiftyJSON.framework */,
				CEA15E761E6035D5009A259F /* SwiftyJSON.framework */,
				CEA15E461E602F6C009A259F /* SwiftyJSON.framework */,
				CEE453231D8DC68A00E5968A /* SwiftyJSON.framework */,
			);
			name = Frameworks;
			sourceTree = "<group>";
		};
/* End PBXGroup section */

/* Begin PBXHeadersBuildPhase section */
		CEA15E251E602E2B009A259F /* Headers */ = {
			isa = PBXHeadersBuildPhase;
			buildActionMask = 2147483647;
			files = (
				CEA15E3F1E602EB4009A259F /* SwiftyJSONModel.h in Headers */,
			);
			runOnlyForDeploymentPostprocessing = 0;
		};
		CEA15E641E603556009A259F /* Headers */ = {
			isa = PBXHeadersBuildPhase;
			buildActionMask = 2147483647;
			files = (
				CEA15E6F1E60357B009A259F /* SwiftyJSONModel.h in Headers */,
			);
			runOnlyForDeploymentPostprocessing = 0;
		};
		CEA15E8F1E604943009A259F /* Headers */ = {
			isa = PBXHeadersBuildPhase;
			buildActionMask = 2147483647;
			files = (
				CEA15E9C1E6049EA009A259F /* SwiftyJSONModel.h in Headers */,
			);
			runOnlyForDeploymentPostprocessing = 0;
		};
		CEE453041D8D801800E5968A /* Headers */ = {
			isa = PBXHeadersBuildPhase;
			buildActionMask = 2147483647;
			files = (
				CEE453181D8D801800E5968A /* SwiftyJSONModel.h in Headers */,
			);
			runOnlyForDeploymentPostprocessing = 0;
		};
/* End PBXHeadersBuildPhase section */

/* Begin PBXNativeTarget section */
		CEA15E271E602E2B009A259F /* SwiftyJSONModel-Mac */ = {
			isa = PBXNativeTarget;
			buildConfigurationList = CEA15E3D1E602E2B009A259F /* Build configuration list for PBXNativeTarget "SwiftyJSONModel-Mac" */;
			buildPhases = (
				CEA15E231E602E2B009A259F /* Sources */,
				CEA15E241E602E2B009A259F /* Frameworks */,
				CEA15E251E602E2B009A259F /* Headers */,
				CEA15E261E602E2B009A259F /* Resources */,
			);
			buildRules = (
			);
			dependencies = (
			);
			name = "SwiftyJSONModel-Mac";
			productName = "SwiftyJSONModel-Mac";
			productReference = CEA15E281E602E2B009A259F /* SwiftyJSONModel.framework */;
			productType = "com.apple.product-type.framework";
		};
		CEA15E501E6031F1009A259F /* SwiftyJSONModelTests-Mac */ = {
			isa = PBXNativeTarget;
			buildConfigurationList = CEA15E591E6031F1009A259F /* Build configuration list for PBXNativeTarget "SwiftyJSONModelTests-Mac" */;
			buildPhases = (
				CEA15E4D1E6031F1009A259F /* Sources */,
				CEA15E4E1E6031F1009A259F /* Frameworks */,
				CEA15E4F1E6031F1009A259F /* Resources */,
			);
			buildRules = (
			);
			dependencies = (
				CEA15E581E6031F1009A259F /* PBXTargetDependency */,
			);
			name = "SwiftyJSONModelTests-Mac";
			productName = "SwiftyJSONModelTests-Mac";
			productReference = CEA15E511E6031F1009A259F /* SwiftyJSONModelTests-Mac.xctest */;
			productType = "com.apple.product-type.bundle.unit-test";
		};
		CEA15E661E603556009A259F /* SwiftyJSONModel-tvOS */ = {
			isa = PBXNativeTarget;
			buildConfigurationList = CEA15E6C1E603556009A259F /* Build configuration list for PBXNativeTarget "SwiftyJSONModel-tvOS" */;
			buildPhases = (
				CEA15E621E603556009A259F /* Sources */,
				CEA15E631E603556009A259F /* Frameworks */,
				CEA15E641E603556009A259F /* Headers */,
				CEA15E651E603556009A259F /* Resources */,
			);
			buildRules = (
			);
			dependencies = (
			);
			name = "SwiftyJSONModel-tvOS";
			productName = "SwiftyJSONModel-tvOS";
			productReference = CEA15E671E603556009A259F /* SwiftyJSONModel.framework */;
			productType = "com.apple.product-type.framework";
		};
		CEA15E7B1E603956009A259F /* SwiftyJSONModelTests-tvOS */ = {
			isa = PBXNativeTarget;
			buildConfigurationList = CEA15E841E603956009A259F /* Build configuration list for PBXNativeTarget "SwiftyJSONModelTests-tvOS" */;
			buildPhases = (
				CEA15E781E603956009A259F /* Sources */,
				CEA15E791E603956009A259F /* Frameworks */,
				CEA15E7A1E603956009A259F /* Resources */,
			);
			buildRules = (
			);
			dependencies = (
				CEA15E831E603956009A259F /* PBXTargetDependency */,
			);
			name = "SwiftyJSONModelTests-tvOS";
			productName = "SwiftyJSONModelTests-tvOS";
			productReference = CEA15E7C1E603956009A259F /* SwiftyJSONModelTests-tvOS.xctest */;
			productType = "com.apple.product-type.bundle.unit-test";
		};
		CEA15E911E604943009A259F /* SwiftyJSONModel-watchOS */ = {
			isa = PBXNativeTarget;
			buildConfigurationList = CEA15E971E604943009A259F /* Build configuration list for PBXNativeTarget "SwiftyJSONModel-watchOS" */;
			buildPhases = (
				CEA15E8D1E604943009A259F /* Sources */,
				CEA15E8E1E604943009A259F /* Frameworks */,
				CEA15E8F1E604943009A259F /* Headers */,
				CEA15E901E604943009A259F /* Resources */,
			);
			buildRules = (
			);
			dependencies = (
			);
			name = "SwiftyJSONModel-watchOS";
			productName = "SwiftyJSONModel-watchOS";
			productReference = CEA15E921E604943009A259F /* SwiftyJSONModel.framework */;
			productType = "com.apple.product-type.framework";
		};
		CEE453061D8D801800E5968A /* SwiftyJSONModel */ = {
			isa = PBXNativeTarget;
			buildConfigurationList = CEE4531B1D8D801800E5968A /* Build configuration list for PBXNativeTarget "SwiftyJSONModel" */;
			buildPhases = (
				CEE453021D8D801800E5968A /* Sources */,
				CEE453031D8D801800E5968A /* Frameworks */,
				CEE453041D8D801800E5968A /* Headers */,
				CEE453051D8D801800E5968A /* Resources */,
				CEE453251D8DC6EF00E5968A /* CopyFiles */,
			);
			buildRules = (
			);
			dependencies = (
			);
			name = SwiftyJSONModel;
			productName = SwiftyJSONModel;
			productReference = CEE453071D8D801800E5968A /* SwiftyJSONModel.framework */;
			productType = "com.apple.product-type.framework";
		};
		CEE4530F1D8D801800E5968A /* SwiftyJSONModelTests */ = {
			isa = PBXNativeTarget;
			buildConfigurationList = CEE4531E1D8D801800E5968A /* Build configuration list for PBXNativeTarget "SwiftyJSONModelTests" */;
			buildPhases = (
				CEE4530C1D8D801800E5968A /* Sources */,
				CEE4530D1D8D801800E5968A /* Frameworks */,
				CEE4530E1D8D801800E5968A /* Resources */,
				CEE4532F1D8DD46700E5968A /* CopyFiles */,
			);
			buildRules = (
			);
			dependencies = (
				CEE453131D8D801800E5968A /* PBXTargetDependency */,
			);
			name = SwiftyJSONModelTests;
			productName = SwiftyJSONModelTests;
			productReference = CEE453101D8D801800E5968A /* SwiftyJSONModelTests.xctest */;
			productType = "com.apple.product-type.bundle.unit-test";
		};
/* End PBXNativeTarget section */

/* Begin PBXProject section */
		CEE452FE1D8D801800E5968A /* Project object */ = {
			isa = PBXProject;
			attributes = {
				LastSwiftUpdateCheck = 0820;
				LastUpgradeCheck = 0900;
				ORGANIZATIONNAME = "Oleksii Dykan";
				TargetAttributes = {
					CEA15E271E602E2B009A259F = {
						CreatedOnToolsVersion = 8.2.1;
						DevelopmentTeam = 7H6SM4X3H7;
						LastSwiftMigration = 0900;
						ProvisioningStyle = Automatic;
					};
					CEA15E501E6031F1009A259F = {
						CreatedOnToolsVersion = 8.2.1;
						DevelopmentTeam = 7H6SM4X3H7;
						LastSwiftMigration = 0900;
						ProvisioningStyle = Automatic;
					};
					CEA15E661E603556009A259F = {
						CreatedOnToolsVersion = 8.2.1;
						DevelopmentTeam = 7H6SM4X3H7;
						LastSwiftMigration = 0900;
						ProvisioningStyle = Automatic;
					};
					CEA15E7B1E603956009A259F = {
						CreatedOnToolsVersion = 8.2.1;
						DevelopmentTeam = 7H6SM4X3H7;
						LastSwiftMigration = 0900;
						ProvisioningStyle = Automatic;
					};
					CEA15E911E604943009A259F = {
						CreatedOnToolsVersion = 8.2.1;
						DevelopmentTeam = 7H6SM4X3H7;
						LastSwiftMigration = 0900;
						ProvisioningStyle = Automatic;
					};
					CEE453061D8D801800E5968A = {
						CreatedOnToolsVersion = 8.0;
						DevelopmentTeam = 7H6SM4X3H7;
						LastSwiftMigration = 0900;
						ProvisioningStyle = Automatic;
					};
					CEE4530F1D8D801800E5968A = {
						CreatedOnToolsVersion = 8.0;
						DevelopmentTeam = 7H6SM4X3H7;
						LastSwiftMigration = 0900;
						ProvisioningStyle = Automatic;
					};
				};
			};
			buildConfigurationList = CEE453011D8D801800E5968A /* Build configuration list for PBXProject "SwiftyJSONModel" */;
			compatibilityVersion = "Xcode 3.2";
			developmentRegion = English;
			hasScannedForEncodings = 0;
			knownRegions = (
				en,
			);
			mainGroup = CEE452FD1D8D801800E5968A;
			productRefGroup = CEE453081D8D801800E5968A /* Products */;
			projectDirPath = "";
			projectRoot = "";
			targets = (
				CEE453061D8D801800E5968A /* SwiftyJSONModel */,
				CEE4530F1D8D801800E5968A /* SwiftyJSONModelTests */,
				CEA15E271E602E2B009A259F /* SwiftyJSONModel-Mac */,
				CEA15E501E6031F1009A259F /* SwiftyJSONModelTests-Mac */,
				CEA15E661E603556009A259F /* SwiftyJSONModel-tvOS */,
				CEA15E7B1E603956009A259F /* SwiftyJSONModelTests-tvOS */,
				CEA15E911E604943009A259F /* SwiftyJSONModel-watchOS */,
			);
		};
/* End PBXProject section */

/* Begin PBXResourcesBuildPhase section */
		CEA15E261E602E2B009A259F /* Resources */ = {
			isa = PBXResourcesBuildPhase;
			buildActionMask = 2147483647;
			files = (
			);
			runOnlyForDeploymentPostprocessing = 0;
		};
		CEA15E4F1E6031F1009A259F /* Resources */ = {
			isa = PBXResourcesBuildPhase;
			buildActionMask = 2147483647;
			files = (
			);
			runOnlyForDeploymentPostprocessing = 0;
		};
		CEA15E651E603556009A259F /* Resources */ = {
			isa = PBXResourcesBuildPhase;
			buildActionMask = 2147483647;
			files = (
			);
			runOnlyForDeploymentPostprocessing = 0;
		};
		CEA15E7A1E603956009A259F /* Resources */ = {
			isa = PBXResourcesBuildPhase;
			buildActionMask = 2147483647;
			files = (
			);
			runOnlyForDeploymentPostprocessing = 0;
		};
		CEA15E901E604943009A259F /* Resources */ = {
			isa = PBXResourcesBuildPhase;
			buildActionMask = 2147483647;
			files = (
			);
			runOnlyForDeploymentPostprocessing = 0;
		};
		CEE453051D8D801800E5968A /* Resources */ = {
			isa = PBXResourcesBuildPhase;
			buildActionMask = 2147483647;
			files = (
			);
			runOnlyForDeploymentPostprocessing = 0;
		};
		CEE4530E1D8D801800E5968A /* Resources */ = {
			isa = PBXResourcesBuildPhase;
			buildActionMask = 2147483647;
			files = (
			);
			runOnlyForDeploymentPostprocessing = 0;
		};
/* End PBXResourcesBuildPhase section */

/* Begin PBXSourcesBuildPhase section */
		CEA15E231E602E2B009A259F /* Sources */ = {
			isa = PBXSourcesBuildPhase;
			buildActionMask = 2147483647;
			files = (
				CEA15E401E602EB4009A259F /* JSONTypes.swift in Sources */,
				CEA15E421E602EB4009A259F /* JSONObject.swift in Sources */,
			);
			runOnlyForDeploymentPostprocessing = 0;
		};
		CEA15E4D1E6031F1009A259F /* Sources */ = {
			isa = PBXSourcesBuildPhase;
			buildActionMask = 2147483647;
			files = (
				CEA15E5C1E60320B009A259F /* TestData.swift in Sources */,
				CEA15E5F1E60320B009A259F /* JSONExtensionTests.swift in Sources */,
				CEA15E5D1E60320B009A259F /* SwiftyJSONModelTests.swift in Sources */,
				CEA15E601E60320B009A259F /* JSONModelErrorTests.swift in Sources */,
				CEA15E5E1E60320B009A259F /* JSONObjectTests.swift in Sources */,
			);
			runOnlyForDeploymentPostprocessing = 0;
		};
		CEA15E621E603556009A259F /* Sources */ = {
			isa = PBXSourcesBuildPhase;
			buildActionMask = 2147483647;
			files = (
				CEA15E701E60357B009A259F /* JSONTypes.swift in Sources */,
				CEA15E721E60357B009A259F /* JSONObject.swift in Sources */,
			);
			runOnlyForDeploymentPostprocessing = 0;
		};
		CEA15E781E603956009A259F /* Sources */ = {
			isa = PBXSourcesBuildPhase;
			buildActionMask = 2147483647;
			files = (
				CEA15E881E603A21009A259F /* TestData.swift in Sources */,
				CEA15E8B1E603A21009A259F /* JSONExtensionTests.swift in Sources */,
				CEA15E891E603A21009A259F /* SwiftyJSONModelTests.swift in Sources */,
				CEA15E8C1E603A21009A259F /* JSONModelErrorTests.swift in Sources */,
				CEA15E8A1E603A21009A259F /* JSONObjectTests.swift in Sources */,
			);
			runOnlyForDeploymentPostprocessing = 0;
		};
		CEA15E8D1E604943009A259F /* Sources */ = {
			isa = PBXSourcesBuildPhase;
			buildActionMask = 2147483647;
			files = (
				CEA15E9D1E6049EA009A259F /* JSONTypes.swift in Sources */,
				CEA15E9F1E6049EA009A259F /* JSONObject.swift in Sources */,
			);
			runOnlyForDeploymentPostprocessing = 0;
		};
		CEE453021D8D801800E5968A /* Sources */ = {
			isa = PBXSourcesBuildPhase;
			buildActionMask = 2147483647;
			files = (
				CEE453361D8DF9F900E5968A /* JSONTypes.swift in Sources */,
				CEF8147D1D9055C000003F2F /* JSONObject.swift in Sources */,
			);
			runOnlyForDeploymentPostprocessing = 0;
		};
		CEE4530C1D8D801800E5968A /* Sources */ = {
			isa = PBXSourcesBuildPhase;
			buildActionMask = 2147483647;
			files = (
				CEE453161D8D801800E5968A /* SwiftyJSONModelTests.swift in Sources */,
				CEF8147F1D905D4F00003F2F /* JSONObjectTests.swift in Sources */,
				CEFB60C31D931825000ADC24 /* TestData.swift in Sources */,
				CE2642BB1D9C1C53003E2447 /* JSONModelErrorTests.swift in Sources */,
				CEE4532C1D8DD06100E5968A /* JSONExtensionTests.swift in Sources */,
			);
			runOnlyForDeploymentPostprocessing = 0;
		};
/* End PBXSourcesBuildPhase section */

/* Begin PBXTargetDependency section */
		CEA15E581E6031F1009A259F /* PBXTargetDependency */ = {
			isa = PBXTargetDependency;
			target = CEA15E271E602E2B009A259F /* SwiftyJSONModel-Mac */;
			targetProxy = CEA15E571E6031F1009A259F /* PBXContainerItemProxy */;
		};
		CEA15E831E603956009A259F /* PBXTargetDependency */ = {
			isa = PBXTargetDependency;
			target = CEA15E661E603556009A259F /* SwiftyJSONModel-tvOS */;
			targetProxy = CEA15E821E603956009A259F /* PBXContainerItemProxy */;
		};
		CEE453131D8D801800E5968A /* PBXTargetDependency */ = {
			isa = PBXTargetDependency;
			target = CEE453061D8D801800E5968A /* SwiftyJSONModel */;
			targetProxy = CEE453121D8D801800E5968A /* PBXContainerItemProxy */;
		};
/* End PBXTargetDependency section */

/* Begin XCBuildConfiguration section */
		CEA15E391E602E2B009A259F /* Debug */ = {
			isa = XCBuildConfiguration;
			buildSettings = {
				APPLICATION_EXTENSION_API_ONLY = YES;
				CODE_SIGN_IDENTITY = "-";
				COMBINE_HIDPI_IMAGES = YES;
				DEFINES_MODULE = YES;
				DEVELOPMENT_TEAM = 7H6SM4X3H7;
				DYLIB_COMPATIBILITY_VERSION = 1;
				DYLIB_CURRENT_VERSION = 1;
				DYLIB_INSTALL_NAME_BASE = "@rpath";
				FRAMEWORK_SEARCH_PATHS = (
					"$(inherited)",
					"$(PROJECT_DIR)/Carthage/Build/Mac",
				);
				FRAMEWORK_VERSION = A;
				INFOPLIST_FILE = "$(SRCROOT)/SwiftyJSONModel/Info.plist";
				INSTALL_PATH = "$(LOCAL_LIBRARY_DIR)/Frameworks";
				LD_RUNPATH_SEARCH_PATHS = "$(inherited) @executable_path/../Frameworks @loader_path/Frameworks";
				MACOSX_DEPLOYMENT_TARGET = 10.10;
				PRODUCT_BUNDLE_IDENTIFIER = com.violentoctopus.SwiftyJSONModel;
				PRODUCT_NAME = SwiftyJSONModel;
				SDKROOT = macosx;
				SKIP_INSTALL = YES;
				SWIFT_SWIFT3_OBJC_INFERENCE = Default;
				SWIFT_VERSION = 4.0;
			};
			name = Debug;
		};
		CEA15E3A1E602E2B009A259F /* Release */ = {
			isa = XCBuildConfiguration;
			buildSettings = {
				APPLICATION_EXTENSION_API_ONLY = YES;
				CODE_SIGN_IDENTITY = "-";
				COMBINE_HIDPI_IMAGES = YES;
				DEFINES_MODULE = YES;
				DEVELOPMENT_TEAM = 7H6SM4X3H7;
				DYLIB_COMPATIBILITY_VERSION = 1;
				DYLIB_CURRENT_VERSION = 1;
				DYLIB_INSTALL_NAME_BASE = "@rpath";
				FRAMEWORK_SEARCH_PATHS = (
					"$(inherited)",
					"$(PROJECT_DIR)/Carthage/Build/Mac",
				);
				FRAMEWORK_VERSION = A;
				INFOPLIST_FILE = "$(SRCROOT)/SwiftyJSONModel/Info.plist";
				INSTALL_PATH = "$(LOCAL_LIBRARY_DIR)/Frameworks";
				LD_RUNPATH_SEARCH_PATHS = "$(inherited) @executable_path/../Frameworks @loader_path/Frameworks";
				MACOSX_DEPLOYMENT_TARGET = 10.10;
				PRODUCT_BUNDLE_IDENTIFIER = com.violentoctopus.SwiftyJSONModel;
				PRODUCT_NAME = SwiftyJSONModel;
				SDKROOT = macosx;
				SKIP_INSTALL = YES;
				SWIFT_SWIFT3_OBJC_INFERENCE = Default;
				SWIFT_VERSION = 4.0;
			};
			name = Release;
		};
		CEA15E5A1E6031F1009A259F /* Debug */ = {
			isa = XCBuildConfiguration;
			buildSettings = {
				CODE_SIGN_IDENTITY = "-";
				COMBINE_HIDPI_IMAGES = YES;
				DEVELOPMENT_TEAM = 7H6SM4X3H7;
				FRAMEWORK_SEARCH_PATHS = (
					"$(inherited)",
					"$(PROJECT_DIR)/Carthage/Build/Mac",
				);
				INFOPLIST_FILE = SwiftyJSONModelTests/Info.plist;
				LD_RUNPATH_SEARCH_PATHS = "$(inherited) @executable_path/../Frameworks @loader_path/../Frameworks $(PROJECT_DIR)/Carthage/Build/Mac";
				MACOSX_DEPLOYMENT_TARGET = 10.12;
				PRODUCT_BUNDLE_IDENTIFIER = com.violentoctopus.SwiftyJSONModelTests;
				PRODUCT_NAME = "$(TARGET_NAME)";
				SDKROOT = macosx;
				SWIFT_SWIFT3_OBJC_INFERENCE = Default;
				SWIFT_VERSION = 4.0;
			};
			name = Debug;
		};
		CEA15E5B1E6031F1009A259F /* Release */ = {
			isa = XCBuildConfiguration;
			buildSettings = {
				CODE_SIGN_IDENTITY = "-";
				COMBINE_HIDPI_IMAGES = YES;
				DEVELOPMENT_TEAM = 7H6SM4X3H7;
				FRAMEWORK_SEARCH_PATHS = (
					"$(inherited)",
					"$(PROJECT_DIR)/Carthage/Build/Mac",
				);
				INFOPLIST_FILE = SwiftyJSONModelTests/Info.plist;
				LD_RUNPATH_SEARCH_PATHS = "$(inherited) @executable_path/../Frameworks @loader_path/../Frameworks $(PROJECT_DIR)/Carthage/Build/Mac";
				MACOSX_DEPLOYMENT_TARGET = 10.12;
				PRODUCT_BUNDLE_IDENTIFIER = com.violentoctopus.SwiftyJSONModelTests;
				PRODUCT_NAME = "$(TARGET_NAME)";
				SDKROOT = macosx;
				SWIFT_SWIFT3_OBJC_INFERENCE = Default;
				SWIFT_VERSION = 4.0;
			};
			name = Release;
		};
		CEA15E6D1E603556009A259F /* Debug */ = {
			isa = XCBuildConfiguration;
			buildSettings = {
				APPLICATION_EXTENSION_API_ONLY = YES;
				CODE_SIGN_IDENTITY = "";
				DEFINES_MODULE = YES;
				DEVELOPMENT_TEAM = 7H6SM4X3H7;
				DYLIB_COMPATIBILITY_VERSION = 1;
				DYLIB_CURRENT_VERSION = 1;
				DYLIB_INSTALL_NAME_BASE = "@rpath";
				FRAMEWORK_SEARCH_PATHS = (
					"$(inherited)",
					"$(PROJECT_DIR)/Carthage/Build/tvOS",
				);
				INFOPLIST_FILE = "$(SRCROOT)/SwiftyJSONModel/Info.plist";
				INSTALL_PATH = "$(LOCAL_LIBRARY_DIR)/Frameworks";
				LD_RUNPATH_SEARCH_PATHS = "$(inherited) @executable_path/Frameworks @loader_path/Frameworks";
				PRODUCT_BUNDLE_IDENTIFIER = com.violentoctopus.SwiftyJSONModel;
				PRODUCT_NAME = SwiftyJSONModel;
				SDKROOT = appletvos;
				SKIP_INSTALL = YES;
				SWIFT_SWIFT3_OBJC_INFERENCE = Default;
				SWIFT_VERSION = 4.0;
				TARGETED_DEVICE_FAMILY = 3;
				TVOS_DEPLOYMENT_TARGET = 9.0;
			};
			name = Debug;
		};
		CEA15E6E1E603556009A259F /* Release */ = {
			isa = XCBuildConfiguration;
			buildSettings = {
				APPLICATION_EXTENSION_API_ONLY = YES;
				CODE_SIGN_IDENTITY = "";
				DEFINES_MODULE = YES;
				DEVELOPMENT_TEAM = 7H6SM4X3H7;
				DYLIB_COMPATIBILITY_VERSION = 1;
				DYLIB_CURRENT_VERSION = 1;
				DYLIB_INSTALL_NAME_BASE = "@rpath";
				FRAMEWORK_SEARCH_PATHS = (
					"$(inherited)",
					"$(PROJECT_DIR)/Carthage/Build/tvOS",
				);
				INFOPLIST_FILE = "$(SRCROOT)/SwiftyJSONModel/Info.plist";
				INSTALL_PATH = "$(LOCAL_LIBRARY_DIR)/Frameworks";
				LD_RUNPATH_SEARCH_PATHS = "$(inherited) @executable_path/Frameworks @loader_path/Frameworks";
				PRODUCT_BUNDLE_IDENTIFIER = com.violentoctopus.SwiftyJSONModel;
				PRODUCT_NAME = SwiftyJSONModel;
				SDKROOT = appletvos;
				SKIP_INSTALL = YES;
				SWIFT_SWIFT3_OBJC_INFERENCE = Default;
				SWIFT_VERSION = 4.0;
				TARGETED_DEVICE_FAMILY = 3;
				TVOS_DEPLOYMENT_TARGET = 9.0;
			};
			name = Release;
		};
		CEA15E851E603956009A259F /* Debug */ = {
			isa = XCBuildConfiguration;
			buildSettings = {
				DEVELOPMENT_TEAM = 7H6SM4X3H7;
				FRAMEWORK_SEARCH_PATHS = (
					"$(inherited)",
					"$(PROJECT_DIR)/Carthage/Build/tvOS",
				);
				INFOPLIST_FILE = SwiftyJSONModelTests/Info.plist;
				LD_RUNPATH_SEARCH_PATHS = "$(inherited) @executable_path/Frameworks @loader_path/Frameworks $(PROJECT_DIR)/Carthage/Build/tvOS";
				PRODUCT_BUNDLE_IDENTIFIER = "com.violentoctopus.SwiftyJSONModelTests-tvOS";
				PRODUCT_NAME = "$(TARGET_NAME)";
				SDKROOT = appletvos;
				SWIFT_SWIFT3_OBJC_INFERENCE = Default;
				SWIFT_VERSION = 4.0;
				TVOS_DEPLOYMENT_TARGET = 10.1;
			};
			name = Debug;
		};
		CEA15E861E603956009A259F /* Release */ = {
			isa = XCBuildConfiguration;
			buildSettings = {
				DEVELOPMENT_TEAM = 7H6SM4X3H7;
				FRAMEWORK_SEARCH_PATHS = (
					"$(inherited)",
					"$(PROJECT_DIR)/Carthage/Build/tvOS",
				);
				INFOPLIST_FILE = SwiftyJSONModelTests/Info.plist;
				LD_RUNPATH_SEARCH_PATHS = "$(inherited) @executable_path/Frameworks @loader_path/Frameworks $(PROJECT_DIR)/Carthage/Build/tvOS";
				PRODUCT_BUNDLE_IDENTIFIER = "com.violentoctopus.SwiftyJSONModelTests-tvOS";
				PRODUCT_NAME = "$(TARGET_NAME)";
				SDKROOT = appletvos;
				SWIFT_SWIFT3_OBJC_INFERENCE = Default;
				SWIFT_VERSION = 4.0;
				TVOS_DEPLOYMENT_TARGET = 10.1;
			};
			name = Release;
		};
		CEA15E981E604943009A259F /* Debug */ = {
			isa = XCBuildConfiguration;
			buildSettings = {
				APPLICATION_EXTENSION_API_ONLY = YES;
				CODE_SIGN_IDENTITY = "";
				DEFINES_MODULE = YES;
				DEVELOPMENT_TEAM = 7H6SM4X3H7;
				DYLIB_COMPATIBILITY_VERSION = 1;
				DYLIB_CURRENT_VERSION = 1;
				DYLIB_INSTALL_NAME_BASE = "@rpath";
				FRAMEWORK_SEARCH_PATHS = (
					"$(inherited)",
					"$(PROJECT_DIR)/Carthage/Build/watchOS",
				);
				INFOPLIST_FILE = "$(SRCROOT)/SwiftyJSONModel/Info.plist";
				INSTALL_PATH = "$(LOCAL_LIBRARY_DIR)/Frameworks";
				LD_RUNPATH_SEARCH_PATHS = "$(inherited) @executable_path/Frameworks @loader_path/Frameworks";
				PRODUCT_BUNDLE_IDENTIFIER = com.violentoctopus.SwiftyJSONModel;
				PRODUCT_NAME = SwiftyJSONModel;
				SDKROOT = watchos;
				SKIP_INSTALL = YES;
				SWIFT_SWIFT3_OBJC_INFERENCE = Default;
				SWIFT_VERSION = 4.0;
				TARGETED_DEVICE_FAMILY = 4;
				WATCHOS_DEPLOYMENT_TARGET = 2.0;
			};
			name = Debug;
		};
		CEA15E991E604943009A259F /* Release */ = {
			isa = XCBuildConfiguration;
			buildSettings = {
				APPLICATION_EXTENSION_API_ONLY = YES;
				CODE_SIGN_IDENTITY = "";
				DEFINES_MODULE = YES;
				DEVELOPMENT_TEAM = 7H6SM4X3H7;
				DYLIB_COMPATIBILITY_VERSION = 1;
				DYLIB_CURRENT_VERSION = 1;
				DYLIB_INSTALL_NAME_BASE = "@rpath";
				FRAMEWORK_SEARCH_PATHS = (
					"$(inherited)",
					"$(PROJECT_DIR)/Carthage/Build/watchOS",
				);
				INFOPLIST_FILE = "$(SRCROOT)/SwiftyJSONModel/Info.plist";
				INSTALL_PATH = "$(LOCAL_LIBRARY_DIR)/Frameworks";
				LD_RUNPATH_SEARCH_PATHS = "$(inherited) @executable_path/Frameworks @loader_path/Frameworks";
				PRODUCT_BUNDLE_IDENTIFIER = com.violentoctopus.SwiftyJSONModel;
				PRODUCT_NAME = SwiftyJSONModel;
				SDKROOT = watchos;
				SKIP_INSTALL = YES;
				SWIFT_SWIFT3_OBJC_INFERENCE = Default;
				SWIFT_VERSION = 4.0;
				TARGETED_DEVICE_FAMILY = 4;
				WATCHOS_DEPLOYMENT_TARGET = 2.0;
			};
			name = Release;
		};
		CEE453191D8D801800E5968A /* Debug */ = {
			isa = XCBuildConfiguration;
			buildSettings = {
				ALWAYS_SEARCH_USER_PATHS = NO;
				CLANG_ANALYZER_NONNULL = YES;
				CLANG_CXX_LANGUAGE_STANDARD = "gnu++0x";
				CLANG_CXX_LIBRARY = "libc++";
				CLANG_ENABLE_MODULES = YES;
				CLANG_ENABLE_OBJC_ARC = YES;
				CLANG_WARN_BLOCK_CAPTURE_AUTORELEASING = YES;
				CLANG_WARN_BOOL_CONVERSION = YES;
				CLANG_WARN_COMMA = YES;
				CLANG_WARN_CONSTANT_CONVERSION = YES;
				CLANG_WARN_DIRECT_OBJC_ISA_USAGE = YES_ERROR;
				CLANG_WARN_DOCUMENTATION_COMMENTS = YES;
				CLANG_WARN_EMPTY_BODY = YES;
				CLANG_WARN_ENUM_CONVERSION = YES;
				CLANG_WARN_INFINITE_RECURSION = YES;
				CLANG_WARN_INT_CONVERSION = YES;
				CLANG_WARN_NON_LITERAL_NULL_CONVERSION = YES;
				CLANG_WARN_OBJC_LITERAL_CONVERSION = YES;
				CLANG_WARN_OBJC_ROOT_CLASS = YES_ERROR;
				CLANG_WARN_RANGE_LOOP_ANALYSIS = YES;
				CLANG_WARN_STRICT_PROTOTYPES = YES;
				CLANG_WARN_SUSPICIOUS_MOVE = YES;
				CLANG_WARN_SUSPICIOUS_MOVES = YES;
				CLANG_WARN_UNREACHABLE_CODE = YES;
				CLANG_WARN__DUPLICATE_METHOD_MATCH = YES;
				"CODE_SIGN_IDENTITY[sdk=iphoneos*]" = "iPhone Developer";
				COPY_PHASE_STRIP = NO;
				CURRENT_PROJECT_VERSION = 1;
				DEBUG_INFORMATION_FORMAT = dwarf;
				ENABLE_STRICT_OBJC_MSGSEND = YES;
				ENABLE_TESTABILITY = YES;
				GCC_C_LANGUAGE_STANDARD = gnu99;
				GCC_DYNAMIC_NO_PIC = NO;
				GCC_NO_COMMON_BLOCKS = YES;
				GCC_OPTIMIZATION_LEVEL = 0;
				GCC_PREPROCESSOR_DEFINITIONS = (
					"DEBUG=1",
					"$(inherited)",
				);
				GCC_WARN_64_TO_32_BIT_CONVERSION = YES;
				GCC_WARN_ABOUT_RETURN_TYPE = YES_ERROR;
				GCC_WARN_UNDECLARED_SELECTOR = YES;
				GCC_WARN_UNINITIALIZED_AUTOS = YES_AGGRESSIVE;
				GCC_WARN_UNUSED_FUNCTION = YES;
				GCC_WARN_UNUSED_VARIABLE = YES;
				IPHONEOS_DEPLOYMENT_TARGET = 10.0;
				MTL_ENABLE_DEBUG_INFO = YES;
				ONLY_ACTIVE_ARCH = YES;
				SDKROOT = iphoneos;
				SWIFT_ACTIVE_COMPILATION_CONDITIONS = DEBUG;
				SWIFT_OPTIMIZATION_LEVEL = "-Onone";
				SWIFT_VERSION = 3.0;
				TARGETED_DEVICE_FAMILY = "1,2";
				VERSIONING_SYSTEM = "apple-generic";
				VERSION_INFO_PREFIX = "";
			};
			name = Debug;
		};
		CEE4531A1D8D801800E5968A /* Release */ = {
			isa = XCBuildConfiguration;
			buildSettings = {
				ALWAYS_SEARCH_USER_PATHS = NO;
				CLANG_ANALYZER_NONNULL = YES;
				CLANG_CXX_LANGUAGE_STANDARD = "gnu++0x";
				CLANG_CXX_LIBRARY = "libc++";
				CLANG_ENABLE_MODULES = YES;
				CLANG_ENABLE_OBJC_ARC = YES;
				CLANG_WARN_BLOCK_CAPTURE_AUTORELEASING = YES;
				CLANG_WARN_BOOL_CONVERSION = YES;
				CLANG_WARN_COMMA = YES;
				CLANG_WARN_CONSTANT_CONVERSION = YES;
				CLANG_WARN_DIRECT_OBJC_ISA_USAGE = YES_ERROR;
				CLANG_WARN_DOCUMENTATION_COMMENTS = YES;
				CLANG_WARN_EMPTY_BODY = YES;
				CLANG_WARN_ENUM_CONVERSION = YES;
				CLANG_WARN_INFINITE_RECURSION = YES;
				CLANG_WARN_INT_CONVERSION = YES;
				CLANG_WARN_NON_LITERAL_NULL_CONVERSION = YES;
				CLANG_WARN_OBJC_LITERAL_CONVERSION = YES;
				CLANG_WARN_OBJC_ROOT_CLASS = YES_ERROR;
				CLANG_WARN_RANGE_LOOP_ANALYSIS = YES;
				CLANG_WARN_STRICT_PROTOTYPES = YES;
				CLANG_WARN_SUSPICIOUS_MOVE = YES;
				CLANG_WARN_SUSPICIOUS_MOVES = YES;
				CLANG_WARN_UNREACHABLE_CODE = YES;
				CLANG_WARN__DUPLICATE_METHOD_MATCH = YES;
				"CODE_SIGN_IDENTITY[sdk=iphoneos*]" = "iPhone Developer";
				COPY_PHASE_STRIP = NO;
				CURRENT_PROJECT_VERSION = 1;
				DEBUG_INFORMATION_FORMAT = "dwarf-with-dsym";
				ENABLE_NS_ASSERTIONS = NO;
				ENABLE_STRICT_OBJC_MSGSEND = YES;
				GCC_C_LANGUAGE_STANDARD = gnu99;
				GCC_NO_COMMON_BLOCKS = YES;
				GCC_WARN_64_TO_32_BIT_CONVERSION = YES;
				GCC_WARN_ABOUT_RETURN_TYPE = YES_ERROR;
				GCC_WARN_UNDECLARED_SELECTOR = YES;
				GCC_WARN_UNINITIALIZED_AUTOS = YES_AGGRESSIVE;
				GCC_WARN_UNUSED_FUNCTION = YES;
				GCC_WARN_UNUSED_VARIABLE = YES;
				IPHONEOS_DEPLOYMENT_TARGET = 10.0;
				MTL_ENABLE_DEBUG_INFO = NO;
				SDKROOT = iphoneos;
				SWIFT_OPTIMIZATION_LEVEL = "-Owholemodule";
				SWIFT_VERSION = 3.0;
				TARGETED_DEVICE_FAMILY = "1,2";
				VALIDATE_PRODUCT = YES;
				VERSIONING_SYSTEM = "apple-generic";
				VERSION_INFO_PREFIX = "";
			};
			name = Release;
		};
		CEE4531C1D8D801800E5968A /* Debug */ = {
			isa = XCBuildConfiguration;
			buildSettings = {
				APPLICATION_EXTENSION_API_ONLY = YES;
				CLANG_ENABLE_MODULES = YES;
				CODE_SIGN_IDENTITY = "";
				DEFINES_MODULE = YES;
				DEVELOPMENT_TEAM = 7H6SM4X3H7;
				DYLIB_COMPATIBILITY_VERSION = 1;
				DYLIB_CURRENT_VERSION = 1;
				DYLIB_INSTALL_NAME_BASE = "@rpath";
				FRAMEWORK_SEARCH_PATHS = (
					"$(inherited)",
					"$(PROJECT_DIR)/Carthage/Build/iOS",
				);
				INFOPLIST_FILE = SwiftyJSONModel/Info.plist;
				INSTALL_PATH = "$(LOCAL_LIBRARY_DIR)/Frameworks";
				IPHONEOS_DEPLOYMENT_TARGET = 8.0;
				LD_RUNPATH_SEARCH_PATHS = "$(inherited) @executable_path/Frameworks @loader_path/Frameworks";
				PRODUCT_BUNDLE_IDENTIFIER = com.violentoctopus.SwiftyJSONModel;
				PRODUCT_NAME = "$(TARGET_NAME)";
				SKIP_INSTALL = YES;
				SWIFT_OPTIMIZATION_LEVEL = "-Onone";
				SWIFT_SWIFT3_OBJC_INFERENCE = Default;
				SWIFT_VERSION = 4.0;
			};
			name = Debug;
		};
		CEE4531D1D8D801800E5968A /* Release */ = {
			isa = XCBuildConfiguration;
			buildSettings = {
				APPLICATION_EXTENSION_API_ONLY = YES;
				CLANG_ENABLE_MODULES = YES;
				CODE_SIGN_IDENTITY = "";
				DEFINES_MODULE = YES;
				DEVELOPMENT_TEAM = 7H6SM4X3H7;
				DYLIB_COMPATIBILITY_VERSION = 1;
				DYLIB_CURRENT_VERSION = 1;
				DYLIB_INSTALL_NAME_BASE = "@rpath";
				FRAMEWORK_SEARCH_PATHS = (
					"$(inherited)",
					"$(PROJECT_DIR)/Carthage/Build/iOS",
				);
				INFOPLIST_FILE = SwiftyJSONModel/Info.plist;
				INSTALL_PATH = "$(LOCAL_LIBRARY_DIR)/Frameworks";
				IPHONEOS_DEPLOYMENT_TARGET = 8.0;
				LD_RUNPATH_SEARCH_PATHS = "$(inherited) @executable_path/Frameworks @loader_path/Frameworks";
				PRODUCT_BUNDLE_IDENTIFIER = com.violentoctopus.SwiftyJSONModel;
				PRODUCT_NAME = "$(TARGET_NAME)";
				SKIP_INSTALL = YES;
				SWIFT_SWIFT3_OBJC_INFERENCE = Default;
				SWIFT_VERSION = 4.0;
			};
			name = Release;
		};
		CEE4531F1D8D801800E5968A /* Debug */ = {
			isa = XCBuildConfiguration;
			buildSettings = {
				ALWAYS_EMBED_SWIFT_STANDARD_LIBRARIES = YES;
				DEVELOPMENT_TEAM = 7H6SM4X3H7;
				FRAMEWORK_SEARCH_PATHS = (
					"$(inherited)",
					"$(PROJECT_DIR)/Carthage/Build/iOS",
				);
				INFOPLIST_FILE = SwiftyJSONModelTests/Info.plist;
				LD_RUNPATH_SEARCH_PATHS = "$(inherited) @executable_path/Frameworks @loader_path/Frameworks";
				PRODUCT_BUNDLE_IDENTIFIER = com.violentoctopus.SwiftyJSONModelTests;
				PRODUCT_NAME = "$(TARGET_NAME)";
				SWIFT_SWIFT3_OBJC_INFERENCE = Default;
				SWIFT_VERSION = 4.0;
			};
			name = Debug;
		};
		CEE453201D8D801800E5968A /* Release */ = {
			isa = XCBuildConfiguration;
			buildSettings = {
				ALWAYS_EMBED_SWIFT_STANDARD_LIBRARIES = YES;
				DEVELOPMENT_TEAM = 7H6SM4X3H7;
				FRAMEWORK_SEARCH_PATHS = (
					"$(inherited)",
					"$(PROJECT_DIR)/Carthage/Build/iOS",
				);
				INFOPLIST_FILE = SwiftyJSONModelTests/Info.plist;
				LD_RUNPATH_SEARCH_PATHS = "$(inherited) @executable_path/Frameworks @loader_path/Frameworks";
				PRODUCT_BUNDLE_IDENTIFIER = com.violentoctopus.SwiftyJSONModelTests;
				PRODUCT_NAME = "$(TARGET_NAME)";
				SWIFT_SWIFT3_OBJC_INFERENCE = Default;
				SWIFT_VERSION = 4.0;
			};
			name = Release;
		};
/* End XCBuildConfiguration section */

/* Begin XCConfigurationList section */
		CEA15E3D1E602E2B009A259F /* Build configuration list for PBXNativeTarget "SwiftyJSONModel-Mac" */ = {
			isa = XCConfigurationList;
			buildConfigurations = (
				CEA15E391E602E2B009A259F /* Debug */,
				CEA15E3A1E602E2B009A259F /* Release */,
			);
			defaultConfigurationIsVisible = 0;
			defaultConfigurationName = Release;
		};
		CEA15E591E6031F1009A259F /* Build configuration list for PBXNativeTarget "SwiftyJSONModelTests-Mac" */ = {
			isa = XCConfigurationList;
			buildConfigurations = (
				CEA15E5A1E6031F1009A259F /* Debug */,
				CEA15E5B1E6031F1009A259F /* Release */,
			);
			defaultConfigurationIsVisible = 0;
			defaultConfigurationName = Release;
		};
		CEA15E6C1E603556009A259F /* Build configuration list for PBXNativeTarget "SwiftyJSONModel-tvOS" */ = {
			isa = XCConfigurationList;
			buildConfigurations = (
				CEA15E6D1E603556009A259F /* Debug */,
				CEA15E6E1E603556009A259F /* Release */,
			);
			defaultConfigurationIsVisible = 0;
			defaultConfigurationName = Release;
		};
		CEA15E841E603956009A259F /* Build configuration list for PBXNativeTarget "SwiftyJSONModelTests-tvOS" */ = {
			isa = XCConfigurationList;
			buildConfigurations = (
				CEA15E851E603956009A259F /* Debug */,
				CEA15E861E603956009A259F /* Release */,
			);
			defaultConfigurationIsVisible = 0;
			defaultConfigurationName = Release;
		};
		CEA15E971E604943009A259F /* Build configuration list for PBXNativeTarget "SwiftyJSONModel-watchOS" */ = {
			isa = XCConfigurationList;
			buildConfigurations = (
				CEA15E981E604943009A259F /* Debug */,
				CEA15E991E604943009A259F /* Release */,
			);
			defaultConfigurationIsVisible = 0;
			defaultConfigurationName = Release;
		};
		CEE453011D8D801800E5968A /* Build configuration list for PBXProject "SwiftyJSONModel" */ = {
			isa = XCConfigurationList;
			buildConfigurations = (
				CEE453191D8D801800E5968A /* Debug */,
				CEE4531A1D8D801800E5968A /* Release */,
			);
			defaultConfigurationIsVisible = 0;
			defaultConfigurationName = Release;
		};
		CEE4531B1D8D801800E5968A /* Build configuration list for PBXNativeTarget "SwiftyJSONModel" */ = {
			isa = XCConfigurationList;
			buildConfigurations = (
				CEE4531C1D8D801800E5968A /* Debug */,
				CEE4531D1D8D801800E5968A /* Release */,
			);
			defaultConfigurationIsVisible = 0;
			defaultConfigurationName = Release;
		};
		CEE4531E1D8D801800E5968A /* Build configuration list for PBXNativeTarget "SwiftyJSONModelTests" */ = {
			isa = XCConfigurationList;
			buildConfigurations = (
				CEE4531F1D8D801800E5968A /* Debug */,
				CEE453201D8D801800E5968A /* Release */,
			);
			defaultConfigurationIsVisible = 0;
			defaultConfigurationName = Release;
		};
/* End XCConfigurationList section */
	};
	rootObject = CEE452FE1D8D801800E5968A /* Project object */;
}
